
Microsoft Visual Studio Solution File, Format Version 12.00
# Visual Studio Version 17
VisualStudioVersion = 17.7.34202.233
MinimumVisualStudioVersion = 10.0.40219.1
Project("{FAE04EC0-301F-11D3-BF4B-00C04F79EFBC}") = "Stage0", "Stage0\Stage0.csproj", "{5CFA87BF-B420-4E1C-B2BB-7E578F00D76F}"
EndProject
Global
	GlobalSection(SolutionConfigurationPlatforms) = preSolution
		Debug|Any CPU = Debug|Any CPU
		Release|Any CPU = Release|Any CPU
	EndGlobalSection
	GlobalSection(ProjectConfigurationPlatforms) = postSolution
		{5CFA87BF-B420-4E1C-B2BB-7E578F00D76F}.Debug|Any CPU.ActiveCfg = Debug|Any CPU
		{5CFA87BF-B420-4E1C-B2BB-7E578F00D76F}.Debug|Any CPU.Build.0 = Debug|Any CPU
		{5CFA87BF-B420-4E1C-B2BB-7E578F00D76F}.Release|Any CPU.ActiveCfg = Release|Any CPU
		{5CFA87BF-B420-4E1C-B2BB-7E578F00D76F}.Release|Any CPU.Build.0 = Release|Any CPU
	EndGlobalSection
	GlobalSection(SolutionProperties) = preSolution
		HideSolutionNode = FALSE
	EndGlobalSection
	GlobalSection(ExtensibilityGlobals) = postSolution
		SolutionGuid = {ABD8604C-16DE-4F54-AF41-BEDC63E88A7F}
	EndGlobalSection
EndGlobal
